
Microsoft Visual Studio Solution File, Format Version 12.00
# Visual Studio Version 17
VisualStudioVersion = 17.2.32602.215
MinimumVisualStudioVersion = 10.0.40219.1
Project("{FAE04EC0-301F-11D3-BF4B-00C04F79EFBC}") = "TDD_Demo", "TDD_Demo\TDD_Demo.csproj", "{A07B773A-4ED8-4B0D-81B4-086AA1EF5394}"
EndProject
Global
	GlobalSection(SolutionConfigurationPlatforms) = preSolution
		Debug|Any CPU = Debug|Any CPU
		Release|Any CPU = Release|Any CPU
	EndGlobalSection
	GlobalSection(ProjectConfigurationPlatforms) = postSolution
		{A07B773A-4ED8-4B0D-81B4-086AA1EF5394}.Debug|Any CPU.ActiveCfg = Debug|Any CPU
		{A07B773A-4ED8-4B0D-81B4-086AA1EF5394}.Debug|Any CPU.Build.0 = Debug|Any CPU
		{A07B773A-4ED8-4B0D-81B4-086AA1EF5394}.Release|Any CPU.ActiveCfg = Release|Any CPU
		{A07B773A-4ED8-4B0D-81B4-086AA1EF5394}.Release|Any CPU.Build.0 = Release|Any CPU
	EndGlobalSection
	GlobalSection(SolutionProperties) = preSolution
		HideSolutionNode = FALSE
	EndGlobalSection
	GlobalSection(ExtensibilityGlobals) = postSolution
		SolutionGuid = {97E4FE54-1A97-4A2B-9ED2-52D6D506593E}
	EndGlobalSection
EndGlobal
